// !$*UTF8*$!
{
	archiveVersion = 1;
	classes = {
	};
	objectVersion = 54;
	objects = {

/* Begin PBXBuildFile section */
		9A06FEC52D1F525300C62CF9 /* threader.cpp in Sources */ = {isa = PBXBuildFile; fileRef = 9A06FEC42D1F525300C62CF9 /* threader.cpp */; };
		9AB237262CF8E430007446E8 /* parseutil.cpp in Sources */ = {isa = PBXBuildFile; fileRef = 9AB237252CF8E430007446E8 /* parseutil.cpp */; };
		9AFA96142D11BEEF002F76BA /* signals.cpp in Sources */ = {isa = PBXBuildFile; fileRef = 9AFA96132D11BEEF002F76BA /* signals.cpp */; };
		B9B44DD71D8F661700782398 /* directory.cpp in Sources */ = {isa = PBXBuildFile; fileRef = B9B44DCA1D8F661700782398 /* directory.cpp */; };
		B9B44DD81D8F661700782398 /* llreplace.cpp in Sources */ = {isa = PBXBuildFile; fileRef = B9B44DCE1D8F661700782398 /* llreplace.cpp */; };
/* End PBXBuildFile section */

/* Begin PBXCopyFilesBuildPhase section */
		B9B44DBB1D8F65CD00782398 /* CopyFiles */ = {
			isa = PBXCopyFilesBuildPhase;
			buildActionMask = 2147483647;
			dstPath = /usr/share/man/man1/;
			dstSubfolderSpec = 0;
			files = (
			);
			runOnlyForDeploymentPostprocessing = 1;
		};
/* End PBXCopyFilesBuildPhase section */

/* Begin PBXFileReference section */
		9A06FEC32D1F525300C62CF9 /* threader.hpp */ = {isa = PBXFileReference; lastKnownFileType = sourcecode.cpp.h; path = threader.hpp; sourceTree = "<group>"; };
		9A06FEC42D1F525300C62CF9 /* threader.cpp */ = {isa = PBXFileReference; lastKnownFileType = sourcecode.cpp.cpp; path = threader.cpp; sourceTree = "<group>"; };
		9A5C03A02D24B99000460BCD /* llreplace */ = {isa = PBXFileReference; explicitFileType = "compiled.mach-o.executable"; includeInIndex = 0; name = llreplace; path = "/Users/dennislang/opt/projects/projects-xcode/_ll/llreplace/build/Debug/llreplace"; sourceTree = "<absolute>"; };
		9AB237242CF8E430007446E8 /* parseutil.hpp */ = {isa = PBXFileReference; lastKnownFileType = sourcecode.cpp.h; path = parseutil.hpp; sourceTree = "<group>"; };
		9AB237252CF8E430007446E8 /* parseutil.cpp */ = {isa = PBXFileReference; lastKnownFileType = sourcecode.cpp.cpp; path = parseutil.cpp; sourceTree = "<group>"; };
		9AFA96122D11BEEF002F76BA /* signals.hpp */ = {isa = PBXFileReference; lastKnownFileType = sourcecode.cpp.h; path = signals.hpp; sourceTree = "<group>"; };
		9AFA96132D11BEEF002F76BA /* signals.cpp */ = {isa = PBXFileReference; lastKnownFileType = sourcecode.cpp.cpp; path = signals.cpp; sourceTree = "<group>"; };
		B9B44DCA1D8F661700782398 /* directory.cpp */ = {isa = PBXFileReference; fileEncoding = 4; lastKnownFileType = sourcecode.cpp.cpp; path = directory.cpp; sourceTree = "<group>"; };
		B9B44DCB1D8F661700782398 /* directory.hpp */ = {isa = PBXFileReference; fileEncoding = 4; lastKnownFileType = sourcecode.cpp.h; path = directory.hpp; sourceTree = "<group>"; };
		B9B44DCE1D8F661700782398 /* llreplace.cpp */ = {isa = PBXFileReference; fileEncoding = 4; lastKnownFileType = sourcecode.cpp.cpp; path = llreplace.cpp; sourceTree = "<group>"; };
		B9B44DD11D8F661700782398 /* ll_stdhdr.hpp */ = {isa = PBXFileReference; fileEncoding = 4; lastKnownFileType = sourcecode.cpp.h; path = ll_stdhdr.hpp; sourceTree = "<group>"; };
		B9B44DD21D8F661700782398 /* lstring.hpp */ = {isa = PBXFileReference; fileEncoding = 4; lastKnownFileType = sourcecode.cpp.h; path = lstring.hpp; sourceTree = "<group>"; };
		B9F2C14C2435784500ECBFEC /* filters.hpp */ = {isa = PBXFileReference; lastKnownFileType = sourcecode.cpp.h; path = filters.hpp; sourceTree = "<group>"; };
/* End PBXFileReference section */

/* Begin PBXFrameworksBuildPhase section */
		B9B44DBA1D8F65CD00782398 /* Frameworks */ = {
			isa = PBXFrameworksBuildPhase;
			buildActionMask = 2147483647;
			files = (
			);
			runOnlyForDeploymentPostprocessing = 0;
		};
/* End PBXFrameworksBuildPhase section */

/* Begin PBXGroup section */
		B9B44DB41D8F65CD00782398 = {
			isa = PBXGroup;
			children = (
				B9B44DBF1D8F65CD00782398 /* llreplace */,
			);
			sourceTree = "<group>";
		};
		B9B44DBF1D8F65CD00782398 /* llreplace */ = {
			isa = PBXGroup;
			children = (
				9A06FEC32D1F525300C62CF9 /* threader.hpp */,
				9A06FEC42D1F525300C62CF9 /* threader.cpp */,
				9AFA96122D11BEEF002F76BA /* signals.hpp */,
				9AFA96132D11BEEF002F76BA /* signals.cpp */,
				9AB237242CF8E430007446E8 /* parseutil.hpp */,
				9AB237252CF8E430007446E8 /* parseutil.cpp */,
				B9B44DCA1D8F661700782398 /* directory.cpp */,
				B9B44DCB1D8F661700782398 /* directory.hpp */,
				B9B44DCE1D8F661700782398 /* llreplace.cpp */,
				B9B44DD11D8F661700782398 /* ll_stdhdr.hpp */,
				B9B44DD21D8F661700782398 /* lstring.hpp */,
				B9F2C14C2435784500ECBFEC /* filters.hpp */,
			);
			path = llreplace;
			sourceTree = "<group>";
		};
/* End PBXGroup section */

/* Begin PBXNativeTarget section */
		B9B44DBC1D8F65CD00782398 /* llreplace */ = {
			isa = PBXNativeTarget;
			buildConfigurationList = B9B44DC41D8F65CD00782398 /* Build configuration list for PBXNativeTarget "llreplace" */;
			buildPhases = (
				B9B44DB91D8F65CD00782398 /* Sources */,
				B9B44DBA1D8F65CD00782398 /* Frameworks */,
				B9B44DBB1D8F65CD00782398 /* CopyFiles */,
			);
			buildRules = (
			);
			dependencies = (
			);
			name = llreplace;
			productName = llreplace;
			productReference = 9A5C03A02D24B99000460BCD /* llreplace */;
			productType = "com.apple.product-type.tool";
		};
/* End PBXNativeTarget section */

/* Begin PBXProject section */
		B9B44DB51D8F65CD00782398 /* Project object */ = {
			isa = PBXProject;
			attributes = {
				BuildIndependentTargetsInParallel = YES;
				LastUpgradeCheck = 1610;
				ORGANIZATIONNAME = "Dennis Lang";
				TargetAttributes = {
					B9B44DBC1D8F65CD00782398 = {
						CreatedOnToolsVersion = 7.3.1;
					};
				};
			};
			buildConfigurationList = B9B44DB81D8F65CD00782398 /* Build configuration list for PBXProject "llreplace" */;
			compatibilityVersion = "Xcode 3.2";
			developmentRegion = en;
			hasScannedForEncodings = 0;
			knownRegions = (
				en,
				Base,
			);
			mainGroup = B9B44DB41D8F65CD00782398;
			productRefGroup = B9B44DB41D8F65CD00782398;
			projectDirPath = "";
			projectRoot = "";
			targets = (
				B9B44DBC1D8F65CD00782398 /* llreplace */,
			);
		};
/* End PBXProject section */

/* Begin PBXSourcesBuildPhase section */
		B9B44DB91D8F65CD00782398 /* Sources */ = {
			isa = PBXSourcesBuildPhase;
			buildActionMask = 2147483647;
			files = (
				9AB237262CF8E430007446E8 /* parseutil.cpp in Sources */,
				9AFA96142D11BEEF002F76BA /* signals.cpp in Sources */,
				B9B44DD81D8F661700782398 /* llreplace.cpp in Sources */,
				9A06FEC52D1F525300C62CF9 /* threader.cpp in Sources */,
				B9B44DD71D8F661700782398 /* directory.cpp in Sources */,
			);
			runOnlyForDeploymentPostprocessing = 0;
		};
/* End PBXSourcesBuildPhase section */

/* Begin XCBuildConfiguration section */
		B9B44DC21D8F65CD00782398 /* Debug */ = {
			isa = XCBuildConfiguration;
			buildSettings = {
				ALWAYS_SEARCH_USER_PATHS = NO;
				CLANG_ANALYZER_LOCALIZABILITY_NONLOCALIZED = YES;
				CLANG_ANALYZER_NONNULL = YES;
				CLANG_CXX_LANGUAGE_STANDARD = "gnu++0x";
				CLANG_CXX_LIBRARY = "libc++";
				CLANG_ENABLE_MODULES = YES;
				CLANG_ENABLE_OBJC_ARC = YES;
				CLANG_WARN_BLOCK_CAPTURE_AUTORELEASING = YES;
				CLANG_WARN_BOOL_CONVERSION = YES;
				CLANG_WARN_COMMA = YES;
				CLANG_WARN_CONSTANT_CONVERSION = YES;
				CLANG_WARN_DEPRECATED_OBJC_IMPLEMENTATIONS = YES;
				CLANG_WARN_DIRECT_OBJC_ISA_USAGE = YES_ERROR;
				CLANG_WARN_EMPTY_BODY = YES;
				CLANG_WARN_ENUM_CONVERSION = YES;
				CLANG_WARN_INFINITE_RECURSION = YES;
				CLANG_WARN_INT_CONVERSION = YES;
				CLANG_WARN_NON_LITERAL_NULL_CONVERSION = YES;
				CLANG_WARN_OBJC_IMPLICIT_RETAIN_SELF = YES;
				CLANG_WARN_OBJC_LITERAL_CONVERSION = YES;
				CLANG_WARN_OBJC_ROOT_CLASS = YES_ERROR;
				CLANG_WARN_QUOTED_INCLUDE_IN_FRAMEWORK_HEADER = YES;
				CLANG_WARN_RANGE_LOOP_ANALYSIS = YES;
				CLANG_WARN_STRICT_PROTOTYPES = YES;
				CLANG_WARN_SUSPICIOUS_MOVE = YES;
				CLANG_WARN_UNREACHABLE_CODE = YES;
				CLANG_WARN__DUPLICATE_METHOD_MATCH = YES;
				CODE_SIGN_IDENTITY = "-";
				COPY_PHASE_STRIP = NO;
				DEAD_CODE_STRIPPING = YES;
				DEBUG_INFORMATION_FORMAT = dwarf;
				ENABLE_STRICT_OBJC_MSGSEND = YES;
				ENABLE_TESTABILITY = YES;
				ENABLE_USER_SCRIPT_SANDBOXING = YES;
				GCC_C_LANGUAGE_STANDARD = gnu99;
				GCC_DYNAMIC_NO_PIC = NO;
				GCC_NO_COMMON_BLOCKS = YES;
				GCC_OPTIMIZATION_LEVEL = 0;
				GCC_PREPROCESSOR_DEFINITIONS = (
					"DEBUG=1",
					"$(inherited)",
				);
				GCC_WARN_64_TO_32_BIT_CONVERSION = YES;
				GCC_WARN_ABOUT_RETURN_TYPE = YES_ERROR;
				GCC_WARN_UNDECLARED_SELECTOR = YES;
				GCC_WARN_UNINITIALIZED_AUTOS = YES_AGGRESSIVE;
				GCC_WARN_UNUSED_FUNCTION = YES;
				GCC_WARN_UNUSED_VARIABLE = YES;
				MACOSX_DEPLOYMENT_TARGET = 10.11;
				MTL_ENABLE_DEBUG_INFO = YES;
				ONLY_ACTIVE_ARCH = YES;
				SDKROOT = macosx;
			};
			name = Debug;
		};
		B9B44DC31D8F65CD00782398 /* Release */ = {
			isa = XCBuildConfiguration;
			buildSettings = {
				ALWAYS_SEARCH_USER_PATHS = NO;
				CLANG_ANALYZER_LOCALIZABILITY_NONLOCALIZED = YES;
				CLANG_ANALYZER_NONNULL = YES;
				CLANG_CXX_LANGUAGE_STANDARD = "gnu++0x";
				CLANG_CXX_LIBRARY = "libc++";
				CLANG_ENABLE_MODULES = YES;
				CLANG_ENABLE_OBJC_ARC = YES;
				CLANG_WARN_BLOCK_CAPTURE_AUTORELEASING = YES;
				CLANG_WARN_BOOL_CONVERSION = YES;
				CLANG_WARN_COMMA = YES;
				CLANG_WARN_CONSTANT_CONVERSION = YES;
				CLANG_WARN_DEPRECATED_OBJC_IMPLEMENTATIONS = YES;
				CLANG_WARN_DIRECT_OBJC_ISA_USAGE = YES_ERROR;
				CLANG_WARN_EMPTY_BODY = YES;
				CLANG_WARN_ENUM_CONVERSION = YES;
				CLANG_WARN_INFINITE_RECURSION = YES;
				CLANG_WARN_INT_CONVERSION = YES;
				CLANG_WARN_NON_LITERAL_NULL_CONVERSION = YES;
				CLANG_WARN_OBJC_IMPLICIT_RETAIN_SELF = YES;
				CLANG_WARN_OBJC_LITERAL_CONVERSION = YES;
				CLANG_WARN_OBJC_ROOT_CLASS = YES_ERROR;
				CLANG_WARN_QUOTED_INCLUDE_IN_FRAMEWORK_HEADER = YES;
				CLANG_WARN_RANGE_LOOP_ANALYSIS = YES;
				CLANG_WARN_STRICT_PROTOTYPES = YES;
				CLANG_WARN_SUSPICIOUS_MOVE = YES;
				CLANG_WARN_UNREACHABLE_CODE = YES;
				CLANG_WARN__DUPLICATE_METHOD_MATCH = YES;
				CODE_SIGN_IDENTITY = "-";
				COPY_PHASE_STRIP = NO;
				DEAD_CODE_STRIPPING = YES;
				DEBUG_INFORMATION_FORMAT = "dwarf-with-dsym";
				ENABLE_NS_ASSERTIONS = NO;
				ENABLE_STRICT_OBJC_MSGSEND = YES;
				ENABLE_USER_SCRIPT_SANDBOXING = YES;
				GCC_C_LANGUAGE_STANDARD = gnu99;
				GCC_NO_COMMON_BLOCKS = YES;
				GCC_WARN_64_TO_32_BIT_CONVERSION = YES;
				GCC_WARN_ABOUT_RETURN_TYPE = YES_ERROR;
				GCC_WARN_UNDECLARED_SELECTOR = YES;
				GCC_WARN_UNINITIALIZED_AUTOS = YES_AGGRESSIVE;
				GCC_WARN_UNUSED_FUNCTION = YES;
				GCC_WARN_UNUSED_VARIABLE = YES;
				MACOSX_DEPLOYMENT_TARGET = 10.11;
				MTL_ENABLE_DEBUG_INFO = NO;
				SDKROOT = macosx;
			};
			name = Release;
		};
		B9B44DC51D8F65CD00782398 /* Debug */ = {
			isa = XCBuildConfiguration;
			buildSettings = {
				CLANG_CXX_LANGUAGE_STANDARD = "c++17";
				CODE_SIGN_IDENTITY = "-";
				DEAD_CODE_STRIPPING = YES;
				MACOSX_DEPLOYMENT_TARGET = 15.0;
				PRODUCT_NAME = "$(TARGET_NAME)";
			};
			name = Debug;
		};
		B9B44DC61D8F65CD00782398 /* Release */ = {
			isa = XCBuildConfiguration;
			buildSettings = {
				CLANG_CXX_LANGUAGE_STANDARD = "c++17";
				CODE_SIGN_IDENTITY = "-";
				DEAD_CODE_STRIPPING = YES;
				MACOSX_DEPLOYMENT_TARGET = 15.0;
				PRODUCT_NAME = "$(TARGET_NAME)";
			};
			name = Release;
		};
/* End XCBuildConfiguration section */

/* Begin XCConfigurationList section */
		B9B44DB81D8F65CD00782398 /* Build configuration list for PBXProject "llreplace" */ = {
			isa = XCConfigurationList;
			buildConfigurations = (
				B9B44DC21D8F65CD00782398 /* Debug */,
				B9B44DC31D8F65CD00782398 /* Release */,
			);
			defaultConfigurationIsVisible = 0;
			defaultConfigurationName = Release;
		};
		B9B44DC41D8F65CD00782398 /* Build configuration list for PBXNativeTarget "llreplace" */ = {
			isa = XCConfigurationList;
			buildConfigurations = (
				B9B44DC51D8F65CD00782398 /* Debug */,
				B9B44DC61D8F65CD00782398 /* Release */,
			);
			defaultConfigurationIsVisible = 0;
			defaultConfigurationName = Release;
		};
/* End XCConfigurationList section */
	};
	rootObject = B9B44DB51D8F65CD00782398 /* Project object */;
}
